{
  "originHash" : "6d899f34aad2b1a74f010987a79dd29df13f46b60826a080e0ea216e114e1ded",
  "pins" : [
    {
      "identity" : "tc4mac-plugin-sdk",
      "kind" : "remoteSourceControl",
      "location" : "https://github.com/lagueux/tc4mac-plugin-sdk.git",
      "state" : {
        "revision" : "81458c65b67180ce52db9f50beb46b54cadeff53",
        "version" : "2.0.0"
      }
    }
  ],
  "version" : 3
}
